
Microsoft Visual Studio Solution File, Format Version 12.00
# Visual Studio 2013
VisualStudioVersion = 12.0.21005.1
MinimumVisualStudioVersion = 10.0.40219.1
Project("{FAE04EC0-301F-11D3-BF4B-00C04F79EFBC}") = "Renegade X Stat Tracker", "Renegade X Stat Tracker\Renegade X Stat Tracker.csproj", "{E9961C36-AC65-4267-A7EE-CCA0651B8C77}"
EndProject
Project("{FAE04EC0-301F-11D3-BF4B-00C04F79EFBC}") = "LoadTester", "LoadTester\LoadTester.csproj", "{75E26E6F-643E-46A0-A4DD-8C057E459501}"
EndProject
Global
	GlobalSection(SolutionConfigurationPlatforms) = preSolution
		Debug|Any CPU = Debug|Any CPU
		Release|Any CPU = Release|Any CPU
	EndGlobalSection
	GlobalSection(ProjectConfigurationPlatforms) = postSolution
		{E9961C36-AC65-4267-A7EE-CCA0651B8C77}.Debug|Any CPU.ActiveCfg = Debug|Any CPU
		{E9961C36-AC65-4267-A7EE-CCA0651B8C77}.Debug|Any CPU.Build.0 = Debug|Any CPU
		{E9961C36-AC65-4267-A7EE-CCA0651B8C77}.Release|Any CPU.ActiveCfg = Release|Any CPU
		{E9961C36-AC65-4267-A7EE-CCA0651B8C77}.Release|Any CPU.Build.0 = Release|Any CPU
		{75E26E6F-643E-46A0-A4DD-8C057E459501}.Debug|Any CPU.ActiveCfg = Debug|Any CPU
		{75E26E6F-643E-46A0-A4DD-8C057E459501}.Debug|Any CPU.Build.0 = Debug|Any CPU
		{75E26E6F-643E-46A0-A4DD-8C057E459501}.Release|Any CPU.ActiveCfg = Release|Any CPU
		{75E26E6F-643E-46A0-A4DD-8C057E459501}.Release|Any CPU.Build.0 = Release|Any CPU
	EndGlobalSection
	GlobalSection(SolutionProperties) = preSolution
		HideSolutionNode = FALSE
	EndGlobalSection
EndGlobal
